// !$*UTF8*$!
{
	archiveVersion = 1;
	classes = {
	};
	objectVersion = 48;
	objects = {

/* Begin PBXBuildFile section */
		266AE8632079DD6700058AC9 /* AppDelegate.swift in Sources */ = {isa = PBXBuildFile; fileRef = 266AE8622079DD6700058AC9 /* AppDelegate.swift */; };
		266AE8652079DD6700058AC9 /* ViewController.swift in Sources */ = {isa = PBXBuildFile; fileRef = 266AE8642079DD6700058AC9 /* ViewController.swift */; };
		266AE8682079DD6700058AC9 /* Main.storyboard in Resources */ = {isa = PBXBuildFile; fileRef = 266AE8662079DD6700058AC9 /* Main.storyboard */; };
		266AE86A2079DD6700058AC9 /* Assets.xcassets in Resources */ = {isa = PBXBuildFile; fileRef = 266AE8692079DD6700058AC9 /* Assets.xcassets */; };
		266AE86D2079DD6700058AC9 /* LaunchScreen.storyboard in Resources */ = {isa = PBXBuildFile; fileRef = 266AE86B2079DD6700058AC9 /* LaunchScreen.storyboard */; };
		266AE8782079DD6700058AC9 /* MusicTests.swift in Sources */ = {isa = PBXBuildFile; fileRef = 266AE8772079DD6700058AC9 /* MusicTests.swift */; };
		266AE8832079DD6700058AC9 /* MusicUITests.swift in Sources */ = {isa = PBXBuildFile; fileRef = 266AE8822079DD6700058AC9 /* MusicUITests.swift */; };
/* End PBXBuildFile section */

/* Begin PBXContainerItemProxy section */
		266AE8742079DD6700058AC9 /* PBXContainerItemProxy */ = {
			isa = PBXContainerItemProxy;
			containerPortal = 266AE8572079DD6700058AC9 /* Project object */;
			proxyType = 1;
			remoteGlobalIDString = 266AE85E2079DD6700058AC9;
			remoteInfo = Music;
		};
		266AE87F2079DD6700058AC9 /* PBXContainerItemProxy */ = {
			isa = PBXContainerItemProxy;
			containerPortal = 266AE8572079DD6700058AC9 /* Project object */;
			proxyType = 1;
			remoteGlobalIDString = 266AE85E2079DD6700058AC9;
			remoteInfo = Music;
		};
/* End PBXContainerItemProxy section */

/* Begin PBXFileReference section */
		266AE85F2079DD6700058AC9 /* Music.app */ = {isa = PBXFileReference; explicitFileType = wrapper.application; includeInIndex = 0; path = Music.app; sourceTree = BUILT_PRODUCTS_DIR; };
		266AE8622079DD6700058AC9 /* AppDelegate.swift */ = {isa = PBXFileReference; lastKnownFileType = sourcecode.swift; path = AppDelegate.swift; sourceTree = "<group>"; };
		266AE8642079DD6700058AC9 /* ViewController.swift */ = {isa = PBXFileReference; lastKnownFileType = sourcecode.swift; path = ViewController.swift; sourceTree = "<group>"; };
		266AE8672079DD6700058AC9 /* Base */ = {isa = PBXFileReference; lastKnownFileType = file.storyboard; name = Base; path = Base.lproj/Main.storyboard; sourceTree = "<group>"; };
		266AE8692079DD6700058AC9 /* Assets.xcassets */ = {isa = PBXFileReference; lastKnownFileType = folder.assetcatalog; path = Assets.xcassets; sourceTree = "<group>"; };
		266AE86C2079DD6700058AC9 /* Base */ = {isa = PBXFileReference; lastKnownFileType = file.storyboard; name = Base; path = Base.lproj/LaunchScreen.storyboard; sourceTree = "<group>"; };
		266AE86E2079DD6700058AC9 /* Info.plist */ = {isa = PBXFileReference; lastKnownFileType = text.plist.xml; path = Info.plist; sourceTree = "<group>"; };
		266AE8732079DD6700058AC9 /* MusicTests.xctest */ = {isa = PBXFileReference; explicitFileType = wrapper.cfbundle; includeInIndex = 0; path = MusicTests.xctest; sourceTree = BUILT_PRODUCTS_DIR; };
		266AE8772079DD6700058AC9 /* MusicTests.swift */ = {isa = PBXFileReference; lastKnownFileType = sourcecode.swift; path = MusicTests.swift; sourceTree = "<group>"; };
		266AE8792079DD6700058AC9 /* Info.plist */ = {isa = PBXFileReference; lastKnownFileType = text.plist.xml; path = Info.plist; sourceTree = "<group>"; };
		266AE87E2079DD6700058AC9 /* MusicUITests.xctest */ = {isa = PBXFileReference; explicitFileType = wrapper.cfbundle; includeInIndex = 0; path = MusicUITests.xctest; sourceTree = BUILT_PRODUCTS_DIR; };
		266AE8822079DD6700058AC9 /* MusicUITests.swift */ = {isa = PBXFileReference; lastKnownFileType = sourcecode.swift; path = MusicUITests.swift; sourceTree = "<group>"; };
		266AE8842079DD6700058AC9 /* Info.plist */ = {isa = PBXFileReference; lastKnownFileType = text.plist.xml; path = Info.plist; sourceTree = "<group>"; };
/* End PBXFileReference section */

/* Begin PBXFrameworksBuildPhase section */
		266AE85C2079DD6700058AC9 /* Frameworks */ = {
			isa = PBXFrameworksBuildPhase;
			buildActionMask = 2147483647;
			files = (
			);
			runOnlyForDeploymentPostprocessing = 0;
		};
		266AE8702079DD6700058AC9 /* Frameworks */ = {
			isa = PBXFrameworksBuildPhase;
			buildActionMask = 2147483647;
			files = (
			);
			runOnlyForDeploymentPostprocessing = 0;
		};
		266AE87B2079DD6700058AC9 /* Frameworks */ = {
			isa = PBXFrameworksBuildPhase;
			buildActionMask = 2147483647;
			files = (
			);
			runOnlyForDeploymentPostprocessing = 0;
		};
/* End PBXFrameworksBuildPhase section */

/* Begin PBXGroup section */
		266AE8562079DD6700058AC9 = {
			isa = PBXGroup;
			children = (
				266AE8612079DD6700058AC9 /* Music */,
				266AE8762079DD6700058AC9 /* MusicTests */,
				266AE8812079DD6700058AC9 /* MusicUITests */,
				266AE8602079DD6700058AC9 /* Products */,
			);
			sourceTree = "<group>";
		};
		266AE8602079DD6700058AC9 /* Products */ = {
			isa = PBXGroup;
			children = (
				266AE85F2079DD6700058AC9 /* Music.app */,
				266AE8732079DD6700058AC9 /* MusicTests.xctest */,
				266AE87E2079DD6700058AC9 /* MusicUITests.xctest */,
			);
			name = Products;
			sourceTree = "<group>";
		};
		266AE8612079DD6700058AC9 /* Music */ = {
			isa = PBXGroup;
			children = (
				266AE8622079DD6700058AC9 /* AppDelegate.swift */,
				266AE8642079DD6700058AC9 /* ViewController.swift */,
				266AE8662079DD6700058AC9 /* Main.storyboard */,
				266AE8692079DD6700058AC9 /* Assets.xcassets */,
				266AE86B2079DD6700058AC9 /* LaunchScreen.storyboard */,
				266AE86E2079DD6700058AC9 /* Info.plist */,
			);
			path = Music;
			sourceTree = "<group>";
		};
		266AE8762079DD6700058AC9 /* MusicTests */ = {
			isa = PBXGroup;
			children = (
				266AE8772079DD6700058AC9 /* MusicTests.swift */,
				266AE8792079DD6700058AC9 /* Info.plist */,
			);
			path = MusicTests;
			sourceTree = "<group>";
		};
		266AE8812079DD6700058AC9 /* MusicUITests */ = {
			isa = PBXGroup;
			children = (
				266AE8822079DD6700058AC9 /* MusicUITests.swift */,
				266AE8842079DD6700058AC9 /* Info.plist */,
			);
			path = MusicUITests;
			sourceTree = "<group>";
		};
/* End PBXGroup section */

/* Begin PBXNativeTarget section */
		266AE85E2079DD6700058AC9 /* Music */ = {
			isa = PBXNativeTarget;
			buildConfigurationList = 266AE8872079DD6700058AC9 /* Build configuration list for PBXNativeTarget "Music" */;
			buildPhases = (
				266AE85B2079DD6700058AC9 /* Sources */,
				266AE85C2079DD6700058AC9 /* Frameworks */,
				266AE85D2079DD6700058AC9 /* Resources */,
			);
			buildRules = (
			);
			dependencies = (
			);
			name = Music;
			productName = Music;
			productReference = 266AE85F2079DD6700058AC9 /* Music.app */;
			productType = "com.apple.product-type.application";
		};
		266AE8722079DD6700058AC9 /* MusicTests */ = {
			isa = PBXNativeTarget;
			buildConfigurationList = 266AE88A2079DD6700058AC9 /* Build configuration list for PBXNativeTarget "MusicTests" */;
			buildPhases = (
				266AE86F2079DD6700058AC9 /* Sources */,
				266AE8702079DD6700058AC9 /* Frameworks */,
				266AE8712079DD6700058AC9 /* Resources */,
			);
			buildRules = (
			);
			dependencies = (
				266AE8752079DD6700058AC9 /* PBXTargetDependency */,
			);
			name = MusicTests;
			productName = MusicTests;
			productReference = 266AE8732079DD6700058AC9 /* MusicTests.xctest */;
			productType = "com.apple.product-type.bundle.unit-test";
		};
		266AE87D2079DD6700058AC9 /* MusicUITests */ = {
			isa = PBXNativeTarget;
			buildConfigurationList = 266AE88D2079DD6700058AC9 /* Build configuration list for PBXNativeTarget "MusicUITests" */;
			buildPhases = (
				266AE87A2079DD6700058AC9 /* Sources */,
				266AE87B2079DD6700058AC9 /* Frameworks */,
				266AE87C2079DD6700058AC9 /* Resources */,
			);
			buildRules = (
			);
			dependencies = (
				266AE8802079DD6700058AC9 /* PBXTargetDependency */,
			);
			name = MusicUITests;
			productName = MusicUITests;
			productReference = 266AE87E2079DD6700058AC9 /* MusicUITests.xctest */;
			productType = "com.apple.product-type.bundle.ui-testing";
		};
/* End PBXNativeTarget section */

/* Begin PBXProject section */
		266AE8572079DD6700058AC9 /* Project object */ = {
			isa = PBXProject;
			attributes = {
				LastSwiftUpdateCheck = 0920;
				LastUpgradeCheck = 0920;
				ORGANIZATIONNAME = RioYoshikawa;
				TargetAttributes = {
					266AE85E2079DD6700058AC9 = {
						CreatedOnToolsVersion = 9.2;
						ProvisioningStyle = Automatic;
					};
					266AE8722079DD6700058AC9 = {
						CreatedOnToolsVersion = 9.2;
						ProvisioningStyle = Automatic;
						TestTargetID = 266AE85E2079DD6700058AC9;
					};
					266AE87D2079DD6700058AC9 = {
						CreatedOnToolsVersion = 9.2;
						ProvisioningStyle = Automatic;
						TestTargetID = 266AE85E2079DD6700058AC9;
					};
				};
			};
			buildConfigurationList = 266AE85A2079DD6700058AC9 /* Build configuration list for PBXProject "Music" */;
			compatibilityVersion = "Xcode 8.0";
			developmentRegion = en;
			hasScannedForEncodings = 0;
			knownRegions = (
				en,
				Base,
			);
			mainGroup = 266AE8562079DD6700058AC9;
			productRefGroup = 266AE8602079DD6700058AC9 /* Products */;
			projectDirPath = "";
			projectRoot = "";
			targets = (
				266AE85E2079DD6700058AC9 /* Music */,
				266AE8722079DD6700058AC9 /* MusicTests */,
				266AE87D2079DD6700058AC9 /* MusicUITests */,
			);
		};
/* End PBXProject section */

/* Begin PBXResourcesBuildPhase section */
		266AE85D2079DD6700058AC9 /* Resources */ = {
			isa = PBXResourcesBuildPhase;
			buildActionMask = 2147483647;
			files = (
				266AE86D2079DD6700058AC9 /* LaunchScreen.storyboard in Resources */,
				266AE86A2079DD6700058AC9 /* Assets.xcassets in Resources */,
				266AE8682079DD6700058AC9 /* Main.storyboard in Resources */,
			);
			runOnlyForDeploymentPostprocessing = 0;
		};
		266AE8712079DD6700058AC9 /* Resources */ = {
			isa = PBXResourcesBuildPhase;
			buildActionMask = 2147483647;
			files = (
			);
			runOnlyForDeploymentPostprocessing = 0;
		};
		266AE87C2079DD6700058AC9 /* Resources */ = {
			isa = PBXResourcesBuildPhase;
			buildActionMask = 2147483647;
			files = (
			);
			runOnlyForDeploymentPostprocessing = 0;
		};
/* End PBXResourcesBuildPhase section */

/* Begin PBXSourcesBuildPhase section */
		266AE85B2079DD6700058AC9 /* Sources */ = {
			isa = PBXSourcesBuildPhase;
			buildActionMask = 2147483647;
			files = (
				266AE8652079DD6700058AC9 /* ViewController.swift in Sources */,
				266AE8632079DD6700058AC9 /* AppDelegate.swift in Sources */,
			);
			runOnlyForDeploymentPostprocessing = 0;
		};
		266AE86F2079DD6700058AC9 /* Sources */ = {
			isa = PBXSourcesBuildPhase;
			buildActionMask = 2147483647;
			files = (
				266AE8782079DD6700058AC9 /* MusicTests.swift in Sources */,
			);
			runOnlyForDeploymentPostprocessing = 0;
		};
		266AE87A2079DD6700058AC9 /* Sources */ = {
			isa = PBXSourcesBuildPhase;
			buildActionMask = 2147483647;
			files = (
				266AE8832079DD6700058AC9 /* MusicUITests.swift in Sources */,
			);
			runOnlyForDeploymentPostprocessing = 0;
		};
/* End PBXSourcesBuildPhase section */

/* Begin PBXTargetDependency section */
		266AE8752079DD6700058AC9 /* PBXTargetDependency */ = {
			isa = PBXTargetDependency;
			target = 266AE85E2079DD6700058AC9 /* Music */;
			targetProxy = 266AE8742079DD6700058AC9 /* PBXContainerItemProxy */;
		};
		266AE8802079DD6700058AC9 /* PBXTargetDependency */ = {
			isa = PBXTargetDependency;
			target = 266AE85E2079DD6700058AC9 /* Music */;
			targetProxy = 266AE87F2079DD6700058AC9 /* PBXContainerItemProxy */;
		};
/* End PBXTargetDependency section */

/* Begin PBXVariantGroup section */
		266AE8662079DD6700058AC9 /* Main.storyboard */ = {
			isa = PBXVariantGroup;
			children = (
				266AE8672079DD6700058AC9 /* Base */,
			);
			name = Main.storyboard;
			sourceTree = "<group>";
		};
		266AE86B2079DD6700058AC9 /* LaunchScreen.storyboard */ = {
			isa = PBXVariantGroup;
			children = (
				266AE86C2079DD6700058AC9 /* Base */,
			);
			name = LaunchScreen.storyboard;
			sourceTree = "<group>";
		};
/* End PBXVariantGroup section */

/* Begin XCBuildConfiguration section */
		266AE8852079DD6700058AC9 /* Debug */ = {
			isa = XCBuildConfiguration;
			buildSettings = {
				ALWAYS_SEARCH_USER_PATHS = NO;
				CLANG_ANALYZER_NONNULL = YES;
				CLANG_ANALYZER_NUMBER_OBJECT_CONVERSION = YES_AGGRESSIVE;
				CLANG_CXX_LANGUAGE_STANDARD = "gnu++14";
				CLANG_CXX_LIBRARY = "libc++";
				CLANG_ENABLE_MODULES = YES;
				CLANG_ENABLE_OBJC_ARC = YES;
				CLANG_WARN_BLOCK_CAPTURE_AUTORELEASING = YES;
				CLANG_WARN_BOOL_CONVERSION = YES;
				CLANG_WARN_COMMA = YES;
				CLANG_WARN_CONSTANT_CONVERSION = YES;
				CLANG_WARN_DIRECT_OBJC_ISA_USAGE = YES_ERROR;
				CLANG_WARN_DOCUMENTATION_COMMENTS = YES;
				CLANG_WARN_EMPTY_BODY = YES;
				CLANG_WARN_ENUM_CONVERSION = YES;
				CLANG_WARN_INFINITE_RECURSION = YES;
				CLANG_WARN_INT_CONVERSION = YES;
				CLANG_WARN_NON_LITERAL_NULL_CONVERSION = YES;
				CLANG_WARN_OBJC_LITERAL_CONVERSION = YES;
				CLANG_WARN_OBJC_ROOT_CLASS = YES_ERROR;
				CLANG_WARN_RANGE_LOOP_ANALYSIS = YES;
				CLANG_WARN_STRICT_PROTOTYPES = YES;
				CLANG_WARN_SUSPICIOUS_MOVE = YES;
				CLANG_WARN_UNGUARDED_AVAILABILITY = YES_AGGRESSIVE;
				CLANG_WARN_UNREACHABLE_CODE = YES;
				CLANG_WARN__DUPLICATE_METHOD_MATCH = YES;
				CODE_SIGN_IDENTITY = "iPhone Developer";
				COPY_PHASE_STRIP = NO;
				DEBUG_INFORMATION_FORMAT = dwarf;
				ENABLE_STRICT_OBJC_MSGSEND = YES;
				ENABLE_TESTABILITY = YES;
				GCC_C_LANGUAGE_STANDARD = gnu11;
				GCC_DYNAMIC_NO_PIC = NO;
				GCC_NO_COMMON_BLOCKS = YES;
				GCC_OPTIMIZATION_LEVEL = 0;
				GCC_PREPROCESSOR_DEFINITIONS = (
					"DEBUG=1",
					"$(inherited)",
				);
				GCC_WARN_64_TO_32_BIT_CONVERSION = YES;
				GCC_WARN_ABOUT_RETURN_TYPE = YES_ERROR;
				GCC_WARN_UNDECLARED_SELECTOR = YES;
				GCC_WARN_UNINITIALIZED_AUTOS = YES_AGGRESSIVE;
				GCC_WARN_UNUSED_FUNCTION = YES;
				GCC_WARN_UNUSED_VARIABLE = YES;
				IPHONEOS_DEPLOYMENT_TARGET = 11.2;
				MTL_ENABLE_DEBUG_INFO = YES;
				ONLY_ACTIVE_ARCH = YES;
				SDKROOT = iphoneos;
				SWIFT_ACTIVE_COMPILATION_CONDITIONS = DEBUG;
				SWIFT_OPTIMIZATION_LEVEL = "-Onone";
			};
			name = Debug;
		};
		266AE8862079DD6700058AC9 /* Release */ = {
			isa = XCBuildConfiguration;
			buildSettings = {
				ALWAYS_SEARCH_USER_PATHS = NO;
				CLANG_ANALYZER_NONNULL = YES;
				CLANG_ANALYZER_NUMBER_OBJECT_CONVERSION = YES_AGGRESSIVE;
				CLANG_CXX_LANGUAGE_STANDARD = "gnu++14";
				CLANG_CXX_LIBRARY = "libc++";
				CLANG_ENABLE_MODULES = YES;
				CLANG_ENABLE_OBJC_ARC = YES;
				CLANG_WARN_BLOCK_CAPTURE_AUTORELEASING = YES;
				CLANG_WARN_BOOL_CONVERSION = YES;
				CLANG_WARN_COMMA = YES;
				CLANG_WARN_CONSTANT_CONVERSION = YES;
				CLANG_WARN_DIRECT_OBJC_ISA_USAGE = YES_ERROR;
				CLANG_WARN_DOCUMENTATION_COMMENTS = YES;
				CLANG_WARN_EMPTY_BODY = YES;
				CLANG_WARN_ENUM_CONVERSION = YES;
				CLANG_WARN_INFINITE_RECURSION = YES;
				CLANG_WARN_INT_CONVERSION = YES;
				CLANG_WARN_NON_LITERAL_NULL_CONVERSION = YES;
				CLANG_WARN_OBJC_LITERAL_CONVERSION = YES;
				CLANG_WARN_OBJC_ROOT_CLASS = YES_ERROR;
				CLANG_WARN_RANGE_LOOP_ANALYSIS = YES;
				CLANG_WARN_STRICT_PROTOTYPES = YES;
				CLANG_WARN_SUSPICIOUS_MOVE = YES;
				CLANG_WARN_UNGUARDED_AVAILABILITY = YES_AGGRESSIVE;
				CLANG_WARN_UNREACHABLE_CODE = YES;
				CLANG_WARN__DUPLICATE_METHOD_MATCH = YES;
				CODE_SIGN_IDENTITY = "iPhone Developer";
				COPY_PHASE_STRIP = NO;
				DEBUG_INFORMATION_FORMAT = "dwarf-with-dsym";
				ENABLE_NS_ASSERTIONS = NO;
				ENABLE_STRICT_OBJC_MSGSEND = YES;
				GCC_C_LANGUAGE_STANDARD = gnu11;
				GCC_NO_COMMON_BLOCKS = YES;
				GCC_WARN_64_TO_32_BIT_CONVERSION = YES;
				GCC_WARN_ABOUT_RETURN_TYPE = YES_ERROR;
				GCC_WARN_UNDECLARED_SELECTOR = YES;
				GCC_WARN_UNINITIALIZED_AUTOS = YES_AGGRESSIVE;
				GCC_WARN_UNUSED_FUNCTION = YES;
				GCC_WARN_UNUSED_VARIABLE = YES;
				IPHONEOS_DEPLOYMENT_TARGET = 11.2;
				MTL_ENABLE_DEBUG_INFO = NO;
				SDKROOT = iphoneos;
				SWIFT_OPTIMIZATION_LEVEL = "-Owholemodule";
				VALIDATE_PRODUCT = YES;
			};
			name = Release;
		};
		266AE8882079DD6700058AC9 /* Debug */ = {
			isa = XCBuildConfiguration;
			buildSettings = {
				ASSETCATALOG_COMPILER_APPICON_NAME = AppIcon;
				CODE_SIGN_STYLE = Automatic;
				INFOPLIST_FILE = Music/Info.plist;
				LD_RUNPATH_SEARCH_PATHS = "$(inherited) @executable_path/Frameworks";
				PRODUCT_BUNDLE_IDENTIFIER = chas.Music;
				PRODUCT_NAME = "$(TARGET_NAME)";
				SWIFT_VERSION = 4.0;
				TARGETED_DEVICE_FAMILY = "1,2";
			};
			name = Debug;
		};
		266AE8892079DD6700058AC9 /* Release */ = {
			isa = XCBuildConfiguration;
			buildSettings = {
				ASSETCATALOG_COMPILER_APPICON_NAME = AppIcon;
				CODE_SIGN_STYLE = Automatic;
				INFOPLIST_FILE = Music/Info.plist;
				LD_RUNPATH_SEARCH_PATHS = "$(inherited) @executable_path/Frameworks";
				PRODUCT_BUNDLE_IDENTIFIER = chas.Music;
				PRODUCT_NAME = "$(TARGET_NAME)";
				SWIFT_VERSION = 4.0;
				TARGETED_DEVICE_FAMILY = "1,2";
			};
			name = Release;
		};
		266AE88B2079DD6700058AC9 /* Debug */ = {
			isa = XCBuildConfiguration;
			buildSettings = {
				ALWAYS_EMBED_SWIFT_STANDARD_LIBRARIES = YES;
				BUNDLE_LOADER = "$(TEST_HOST)";
				CODE_SIGN_STYLE = Automatic;
				INFOPLIST_FILE = MusicTests/Info.plist;
				LD_RUNPATH_SEARCH_PATHS = "$(inherited) @executable_path/Frameworks @loader_path/Frameworks";
				PRODUCT_BUNDLE_IDENTIFIER = chas.MusicTests;
				PRODUCT_NAME = "$(TARGET_NAME)";
				SWIFT_VERSION = 4.0;
				TARGETED_DEVICE_FAMILY = "1,2";
				TEST_HOST = "$(BUILT_PRODUCTS_DIR)/Music.app/Music";
			};
			name = Debug;
		};
		266AE88C2079DD6700058AC9 /* Release */ = {
			isa = XCBuildConfiguration;
			buildSettings = {
				ALWAYS_EMBED_SWIFT_STANDARD_LIBRARIES = YES;
				BUNDLE_LOADER = "$(TEST_HOST)";
				CODE_SIGN_STYLE = Automatic;
				INFOPLIST_FILE = MusicTests/Info.plist;
				LD_RUNPATH_SEARCH_PATHS = "$(inherited) @executable_path/Frameworks @loader_path/Frameworks";
				PRODUCT_BUNDLE_IDENTIFIER = chas.MusicTests;
				PRODUCT_NAME = "$(TARGET_NAME)";
				SWIFT_VERSION = 4.0;
				TARGETED_DEVICE_FAMILY = "1,2";
				TEST_HOST = "$(BUILT_PRODUCTS_DIR)/Music.app/Music";
			};
			name = Release;
		};
		266AE88E2079DD6700058AC9 /* Debug */ = {
			isa = XCBuildConfiguration;
			buildSettings = {
				ALWAYS_EMBED_SWIFT_STANDARD_LIBRARIES = YES;
				CODE_SIGN_STYLE = Automatic;
				INFOPLIST_FILE = MusicUITests/Info.plist;
				LD_RUNPATH_SEARCH_PATHS = "$(inherited) @executable_path/Frameworks @loader_path/Frameworks";
				PRODUCT_BUNDLE_IDENTIFIER = chas.MusicUITests;
				PRODUCT_NAME = "$(TARGET_NAME)";
				SWIFT_VERSION = 4.0;
				TARGETED_DEVICE_FAMILY = "1,2";
				TEST_TARGET_NAME = Music;
			};
			name = Debug;
		};
		266AE88F2079DD6700058AC9 /* Release */ = {
			isa = XCBuildConfiguration;
			buildSettings = {
				ALWAYS_EMBED_SWIFT_STANDARD_LIBRARIES = YES;
				CODE_SIGN_STYLE = Automatic;
				INFOPLIST_FILE = MusicUITests/Info.plist;
				LD_RUNPATH_SEARCH_PATHS = "$(inherited) @executable_path/Frameworks @loader_path/Frameworks";
				PRODUCT_BUNDLE_IDENTIFIER = chas.MusicUITests;
				PRODUCT_NAME = "$(TARGET_NAME)";
				SWIFT_VERSION = 4.0;
				TARGETED_DEVICE_FAMILY = "1,2";
				TEST_TARGET_NAME = Music;
			};
			name = Release;
		};
/* End XCBuildConfiguration section */

/* Begin XCConfigurationList section */
		266AE85A2079DD6700058AC9 /* Build configuration list for PBXProject "Music" */ = {
			isa = XCConfigurationList;
			buildConfigurations = (
				266AE8852079DD6700058AC9 /* Debug */,
				266AE8862079DD6700058AC9 /* Release */,
			);
			defaultConfigurationIsVisible = 0;
			defaultConfigurationName = Release;
		};
		266AE8872079DD6700058AC9 /* Build configuration list for PBXNativeTarget "Music" */ = {
			isa = XCConfigurationList;
			buildConfigurations = (
				266AE8882079DD6700058AC9 /* Debug */,
				266AE8892079DD6700058AC9 /* Release */,
			);
			defaultConfigurationIsVisible = 0;
			defaultConfigurationName = Release;
		};
		266AE88A2079DD6700058AC9 /* Build configuration list for PBXNativeTarget "MusicTests" */ = {
			isa = XCConfigurationList;
			buildConfigurations = (
				266AE88B2079DD6700058AC9 /* Debug */,
				266AE88C2079DD6700058AC9 /* Release */,
			);
			defaultConfigurationIsVisible = 0;
			defaultConfigurationName = Release;
		};
		266AE88D2079DD6700058AC9 /* Build configuration list for PBXNativeTarget "MusicUITests" */ = {
			isa = XCConfigurationList;
			buildConfigurations = (
				266AE88E2079DD6700058AC9 /* Debug */,
				266AE88F2079DD6700058AC9 /* Release */,
			);
			defaultConfigurationIsVisible = 0;
			defaultConfigurationName = Release;
		};
/* End XCConfigurationList section */
	};
	rootObject = 266AE8572079DD6700058AC9 /* Project object */;
}
